{
  "version": 4,
  "terraform_version": "1.7.4",
  "serial": 208,
  "lineage": "47bb3dbc-c4f9-aeb8-ec40-c45e4b8edb13",
  "outputs": {},
  "resources": [
    {
      "module": "module.fw_instance",
      "mode": "managed",
      "type": "openstack_compute_instance_v2",
      "name": "fw_instance",
      "provider": "provider[\"registry.terraform.io/terraform-provider-openstack/openstack\"]",
      "instances": [
        {
          "schema_version": 0,
          "attributes": {
            "access_ip_v4": "16.0.1.154",
            "access_ip_v6": "",
            "admin_pass": null,
            "all_metadata": {},
            "all_tags": [],
            "availability_zone": "nova",
            "availability_zone_hints": null,
            "block_device": [],
            "config_drive": null,
            "created": "2024-03-11 13:58:58 +0000 UTC",
            "flavor_id": "079d96e7-289d-4241-964e-d9445d5a61f0",
            "flavor_name": "m1-medium",
            "floating_ip": null,
            "force_delete": false,
            "id": "a8c7b166-107b-444c-879b-1f56f3b235c5",
            "image_id": "e84572fe-fef3-4e1c-9bd0-922c791b8718",
            "image_name": "Ubuntu-22",
            "key_pair": "umer-ssh-key",
            "metadata": null,
            "name": "fw-test-terraform",
            "network": [
              {
                "access_network": false,
                "fixed_ip_v4": "16.0.1.154",
                "fixed_ip_v6": "",
                "floating_ip": "",
                "mac": "fa:16:3e:49:74:b6",
                "name": "test_private_network",
                "port": "",
                "uuid": "58055c0e-90a4-4a76-bb1c-8460f3a4296d"
              },
              {
                "access_network": false,
                "fixed_ip_v4": "185.180.105.63",
                "fixed_ip_v6": "",
                "floating_ip": "",
                "mac": "fa:16:3e:13:6a:4a",
                "name": "eu-west-01-public",
                "port": "",
                "uuid": "a77abc77-3311-4cf1-9a65-f043aae43c03"
              }
            ],
            "network_mode": null,
            "personality": [],
            "power_state": "active",
            "region": "RegionOne",
            "scheduler_hints": [],
            "security_groups": [
              "fw-01-SG"
            ],
            "stop_before_destroy": false,
            "tags": null,
            "timeouts": null,
            "updated": "2024-03-11 13:59:13 +0000 UTC",
            "user_data": null,
            "vendor_options": [],
            "volume": []
          },
          "sensitive_attributes": [],
          "private": "eyJlMmJmYjczMC1lY2FhLTExZTYtOGY4OC0zNDM2M2JjN2M0YzAiOnsiY3JlYXRlIjoxODAwMDAwMDAwMDAwLCJkZWxldGUiOjE4MDAwMDAwMDAwMDAsInVwZGF0ZSI6MTgwMDAwMDAwMDAwMH19",
          "dependencies": [
            "module.fw_sg.openstack_networking_secgroup_rule_v2.fw_secgroup_rule_1",
            "module.fw_sg.openstack_networking_secgroup_rule_v2.fw_secgroup_rule_2",
            "module.fw_sg.openstack_networking_secgroup_v2.fw_secgroup",
            "module.private_network.openstack_networking_network_v2.network_1",
            "module.private_network.openstack_networking_subnet_v2.subnet_1",
            "module.ssh_key.openstack_compute_keypair_v2.umer_ssh_key"
          ]
        }
      ]
    },
    {
      "module": "module.fw_sg",
      "mode": "managed",
      "type": "openstack_networking_secgroup_rule_v2",
      "name": "fw_secgroup_rule_1",
      "provider": "provider[\"registry.terraform.io/terraform-provider-openstack/openstack\"]",
      "instances": [
        {
          "schema_version": 0,
          "attributes": {
            "description": "",
            "direction": "ingress",
            "ethertype": "IPv4",
            "id": "833dfa66-ef12-473a-ba3a-a51a1dcad878",
            "port_range_max": 0,
            "port_range_min": 0,
            "protocol": "0",
            "region": "RegionOne",
            "remote_group_id": "",
            "remote_ip_prefix": "0.0.0.0/0",
            "security_group_id": "5976127c-cb3b-4761-87d5-bb40a1852460",
            "tenant_id": "0f94297c34cb4714bf42d95150784011",
            "timeouts": null
          },
          "sensitive_attributes": [],
          "private": "eyJlMmJmYjczMC1lY2FhLTExZTYtOGY4OC0zNDM2M2JjN2M0YzAiOnsiZGVsZXRlIjo2MDAwMDAwMDAwMDB9fQ==",
          "dependencies": [
            "module.fw_sg.openstack_networking_secgroup_v2.fw_secgroup"
          ]
        }
      ]
    },
    {
      "module": "module.fw_sg",
      "mode": "managed",
      "type": "openstack_networking_secgroup_rule_v2",
      "name": "fw_secgroup_rule_2",
      "provider": "provider[\"registry.terraform.io/terraform-provider-openstack/openstack\"]",
      "instances": [
        {
          "schema_version": 0,
          "attributes": {
            "description": "",
            "direction": "ingress",
            "ethertype": "IPv4",
            "id": "66a323d0-b6f1-4d16-a117-3a95b5c56718",
            "port_range_max": 443,
            "port_range_min": 443,
            "protocol": "tcp",
            "region": "RegionOne",
            "remote_group_id": "",
            "remote_ip_prefix": "0.0.0.0/0",
            "security_group_id": "5976127c-cb3b-4761-87d5-bb40a1852460",
            "tenant_id": "0f94297c34cb4714bf42d95150784011",
            "timeouts": null
          },
          "sensitive_attributes": [],
          "private": "eyJlMmJmYjczMC1lY2FhLTExZTYtOGY4OC0zNDM2M2JjN2M0YzAiOnsiZGVsZXRlIjo2MDAwMDAwMDAwMDB9fQ==",
          "dependencies": [
            "module.fw_sg.openstack_networking_secgroup_v2.fw_secgroup"
          ]
        }
      ]
    },
    {
      "module": "module.fw_sg",
      "mode": "managed",
      "type": "openstack_networking_secgroup_v2",
      "name": "fw_secgroup",
      "provider": "provider[\"registry.terraform.io/terraform-provider-openstack/openstack\"]",
      "instances": [
        {
          "schema_version": 0,
          "attributes": {
            "all_tags": [],
            "delete_default_rules": null,
            "description": "vpn security group for instances",
            "id": "5976127c-cb3b-4761-87d5-bb40a1852460",
            "name": "fw-01-SG",
            "region": "RegionOne",
            "tags": null,
            "tenant_id": "0f94297c34cb4714bf42d95150784011",
            "timeouts": null
          },
          "sensitive_attributes": [],
          "private": "eyJlMmJmYjczMC1lY2FhLTExZTYtOGY4OC0zNDM2M2JjN2M0YzAiOnsiZGVsZXRlIjo2MDAwMDAwMDAwMDB9fQ=="
        }
      ]
    },
    {
      "module": "module.instance",
      "mode": "managed",
      "type": "openstack_compute_instance_v2",
      "name": "internal_instance",
      "provider": "provider[\"registry.terraform.io/terraform-provider-openstack/openstack\"]",
      "instances": [
        {
          "schema_version": 0,
          "attributes": {
            "access_ip_v4": "16.0.1.203",
            "access_ip_v6": "",
            "admin_pass": null,
            "all_metadata": {},
            "all_tags": [],
            "availability_zone": "nova",
            "availability_zone_hints": null,
            "block_device": [],
            "config_drive": null,
            "created": "2024-03-11 13:58:58 +0000 UTC",
            "flavor_id": "079d96e7-289d-4241-964e-d9445d5a61f0",
            "flavor_name": "m1-medium",
            "floating_ip": null,
            "force_delete": false,
            "id": "06299e37-827d-46bd-acbe-8b4df02d70b6",
            "image_id": "e84572fe-fef3-4e1c-9bd0-922c791b8718",
            "image_name": "Ubuntu-22",
            "key_pair": "umer-ssh-key",
            "metadata": null,
            "name": "test_instance",
            "network": [
              {
                "access_network": false,
                "fixed_ip_v4": "16.0.1.203",
                "fixed_ip_v6": "",
                "floating_ip": "",
                "mac": "fa:16:3e:09:45:60",
                "name": "test_private_network",
                "port": "",
                "uuid": "58055c0e-90a4-4a76-bb1c-8460f3a4296d"
              }
            ],
            "network_mode": null,
            "personality": [],
            "power_state": "active",
            "region": "RegionOne",
            "scheduler_hints": [],
            "security_groups": [
              "test-01-SG"
            ],
            "stop_before_destroy": false,
            "tags": null,
            "timeouts": null,
            "updated": "2024-03-11 13:59:11 +0000 UTC",
            "user_data": null,
            "vendor_options": [],
            "volume": []
          },
          "sensitive_attributes": [],
          "private": "eyJlMmJmYjczMC1lY2FhLTExZTYtOGY4OC0zNDM2M2JjN2M0YzAiOnsiY3JlYXRlIjoxODAwMDAwMDAwMDAwLCJkZWxldGUiOjE4MDAwMDAwMDAwMDAsInVwZGF0ZSI6MTgwMDAwMDAwMDAwMH19",
          "dependencies": [
            "module.private_network.openstack_networking_network_v2.network_1",
            "module.private_network.openstack_networking_subnet_v2.subnet_1",
            "module.security_group.openstack_networking_secgroup_rule_v2.def_secgroup_rule_1",
            "module.security_group.openstack_networking_secgroup_rule_v2.def_secgroup_rule_2",
            "module.security_group.openstack_networking_secgroup_v2.default_secgroup",
            "module.ssh_key.openstack_compute_keypair_v2.umer_ssh_key"
          ]
        }
      ]
    },
    {
      "module": "module.private_network",
      "mode": "managed",
      "type": "openstack_networking_network_v2",
      "name": "network_1",
      "provider": "provider[\"registry.terraform.io/terraform-provider-openstack/openstack\"]",
      "instances": [
        {
          "schema_version": 0,
          "attributes": {
            "admin_state_up": true,
            "all_tags": [],
            "availability_zone_hints": [],
            "description": "",
            "dns_domain": "",
            "external": false,
            "id": "58055c0e-90a4-4a76-bb1c-8460f3a4296d",
            "mtu": 1450,
            "name": "test_private_network",
            "port_security_enabled": true,
            "qos_policy_id": "",
            "region": "RegionOne",
            "segments": [],
            "shared": false,
            "tags": null,
            "tenant_id": "0f94297c34cb4714bf42d95150784011",
            "timeouts": null,
            "transparent_vlan": false,
            "value_specs": null
          },
          "sensitive_attributes": [],
          "private": "eyJlMmJmYjczMC1lY2FhLTExZTYtOGY4OC0zNDM2M2JjN2M0YzAiOnsiY3JlYXRlIjo2MDAwMDAwMDAwMDAsImRlbGV0ZSI6NjAwMDAwMDAwMDAwfX0="
        }
      ]
    },
    {
      "module": "module.private_network",
      "mode": "managed",
      "type": "openstack_networking_subnet_v2",
      "name": "subnet_1",
      "provider": "provider[\"registry.terraform.io/terraform-provider-openstack/openstack\"]",
      "instances": [
        {
          "schema_version": 0,
          "attributes": {
            "all_tags": [],
            "allocation_pool": [
              {
                "end": "16.0.1.254",
                "start": "16.0.1.2"
              }
            ],
            "allocation_pools": [
              {
                "end": "16.0.1.254",
                "start": "16.0.1.2"
              }
            ],
            "cidr": "16.0.1.0/24",
            "description": "",
            "dns_nameservers": null,
            "enable_dhcp": true,
            "gateway_ip": "16.0.1.1",
            "host_routes": [],
            "id": "8f30996a-8f66-4634-8b18-03ddeacd79c5",
            "ip_version": 4,
            "ipv6_address_mode": "",
            "ipv6_ra_mode": "",
            "name": "",
            "network_id": "58055c0e-90a4-4a76-bb1c-8460f3a4296d",
            "no_gateway": false,
            "prefix_length": null,
            "region": "RegionOne",
            "service_types": [],
            "subnetpool_id": "",
            "tags": null,
            "tenant_id": "0f94297c34cb4714bf42d95150784011",
            "timeouts": null,
            "value_specs": null
          },
          "sensitive_attributes": [],
          "private": "eyJlMmJmYjczMC1lY2FhLTExZTYtOGY4OC0zNDM2M2JjN2M0YzAiOnsiY3JlYXRlIjo2MDAwMDAwMDAwMDAsImRlbGV0ZSI6NjAwMDAwMDAwMDAwfX0=",
          "dependencies": [
            "module.private_network.openstack_networking_network_v2.network_1"
          ]
        }
      ]
    },
    {
      "module": "module.security_group",
      "mode": "managed",
      "type": "openstack_networking_secgroup_rule_v2",
      "name": "def_secgroup_rule_1",
      "provider": "provider[\"registry.terraform.io/terraform-provider-openstack/openstack\"]",
      "instances": [
        {
          "schema_version": 0,
          "attributes": {
            "description": "",
            "direction": "ingress",
            "ethertype": "IPv4",
            "id": "32e11fb2-c5d7-4072-b21c-99dc7f354f0d",
            "port_range_max": 0,
            "port_range_min": 0,
            "protocol": "",
            "region": "RegionOne",
            "remote_group_id": "",
            "remote_ip_prefix": "",
            "security_group_id": "67ade570-5182-4336-b939-cff917ea8ce9",
            "tenant_id": "0f94297c34cb4714bf42d95150784011",
            "timeouts": null
          },
          "sensitive_attributes": [],
          "private": "eyJlMmJmYjczMC1lY2FhLTExZTYtOGY4OC0zNDM2M2JjN2M0YzAiOnsiZGVsZXRlIjo2MDAwMDAwMDAwMDB9fQ==",
          "dependencies": [
            "module.security_group.openstack_networking_secgroup_v2.default_secgroup"
          ]
        }
      ]
    },
    {
      "module": "module.security_group",
      "mode": "managed",
      "type": "openstack_networking_secgroup_rule_v2",
      "name": "def_secgroup_rule_2",
      "provider": "provider[\"registry.terraform.io/terraform-provider-openstack/openstack\"]",
      "instances": [
        {
          "schema_version": 0,
          "attributes": {
            "description": "",
            "direction": "ingress",
            "ethertype": "IPv6",
            "id": "e0574579-62f8-4533-9936-cb466a6991cc",
            "port_range_max": 0,
            "port_range_min": 0,
            "protocol": "",
            "region": "RegionOne",
            "remote_group_id": "",
            "remote_ip_prefix": "",
            "security_group_id": "67ade570-5182-4336-b939-cff917ea8ce9",
            "tenant_id": "0f94297c34cb4714bf42d95150784011",
            "timeouts": null
          },
          "sensitive_attributes": [],
          "private": "eyJlMmJmYjczMC1lY2FhLTExZTYtOGY4OC0zNDM2M2JjN2M0YzAiOnsiZGVsZXRlIjo2MDAwMDAwMDAwMDB9fQ==",
          "dependencies": [
            "module.security_group.openstack_networking_secgroup_v2.default_secgroup"
          ]
        }
      ]
    },
    {
      "module": "module.security_group",
      "mode": "managed",
      "type": "openstack_networking_secgroup_v2",
      "name": "default_secgroup",
      "provider": "provider[\"registry.terraform.io/terraform-provider-openstack/openstack\"]",
      "instances": [
        {
          "schema_version": 0,
          "attributes": {
            "all_tags": [],
            "delete_default_rules": null,
            "description": "default security group for instances",
            "id": "67ade570-5182-4336-b939-cff917ea8ce9",
            "name": "test-01-SG",
            "region": "RegionOne",
            "tags": null,
            "tenant_id": "0f94297c34cb4714bf42d95150784011",
            "timeouts": null
          },
          "sensitive_attributes": [],
          "private": "eyJlMmJmYjczMC1lY2FhLTExZTYtOGY4OC0zNDM2M2JjN2M0YzAiOnsiZGVsZXRlIjo2MDAwMDAwMDAwMDB9fQ=="
        }
      ]
    },
    {
      "module": "module.ssh_key",
      "mode": "managed",
      "type": "openstack_compute_keypair_v2",
      "name": "umer_ssh_key",
      "provider": "provider[\"registry.terraform.io/terraform-provider-openstack/openstack\"]",
      "instances": [
        {
          "schema_version": 0,
          "attributes": {
            "fingerprint": "a5:d9:b6:1a:39:6b:51:32:c9:9d:ee:91:ad:62:b7:8e",
            "id": "umer-ssh-key",
            "name": "umer-ssh-key",
            "private_key": "",
            "public_key": "ssh-rsa AAAAB3NzaC1yc2EAAAADAQABAAABgQDEh8301QNyPNkKXJW2N/qavXgrMzaLTEoxH+/m+2ttJD2KcM/0u+I7y/JQRb7UpZeDIerVPtAhyeJVKD930IKsyGrD4bVJ0xVh3NXhmBCbRKs75UQE4hwKo04/TP7JNCQxoWeoCEtcyuxgiitQI58lpTKkeL8u6Qwi7vMNBJqzLmokz+CuGdt1uUaAGzI5NJecPkbPTQ3q4hOlAbKusj+I1JyiiR3Pvf0AI9RcX33b/gucSU/lD63zGSmH8RIXn1SqwG/AnNyypVcpP5doIpVzsyxmjfNZTSDLH7EvkERuBxqtyGo/HwdjgfdMwo9IKBoC8CVHagju7dLcy8/Vk/pMh6UhAl+KzXVN6fGqe3wUiZr8id7B4PPG0dsQVJ/zkIhv8QIu9OWC0mCUDCCXo5vuu2scLKA2ut5YncX8dh8mamAc9TvxibgelEFRmrXe/g1vjjPcykwm0fV4akuuRtyokD0S9hLwghvR2hUGlKAhQ6zRlvxCDqCfiiZtGyNshgE= umer@umershp\n",
            "region": "RegionOne",
            "user_id": "",
            "value_specs": null
          },
          "sensitive_attributes": [],
          "private": "bnVsbA=="
        }
      ]
    },
    {
      "module": "module.vpn_instance",
      "mode": "managed",
      "type": "openstack_compute_instance_v2",
      "name": "vpn_instance",
      "provider": "provider[\"registry.terraform.io/terraform-provider-openstack/openstack\"]",
      "instances": [
        {
          "schema_version": 0,
          "attributes": {
            "access_ip_v4": "16.0.1.69",
            "access_ip_v6": "",
            "admin_pass": null,
            "all_metadata": {},
            "all_tags": [],
            "availability_zone": "nova",
            "availability_zone_hints": null,
            "block_device": [],
            "config_drive": null,
            "created": "2024-03-11 13:58:58 +0000 UTC",
            "flavor_id": "079d96e7-289d-4241-964e-d9445d5a61f0",
            "flavor_name": "m1-medium",
            "floating_ip": null,
            "force_delete": false,
            "id": "f48c8d15-95d8-4bd7-8a88-b35240cbe04d",
            "image_id": "e84572fe-fef3-4e1c-9bd0-922c791b8718",
            "image_name": "Ubuntu-22",
            "key_pair": "umer-ssh-key",
            "metadata": null,
            "name": "vpn-test-terraform",
            "network": [
              {
                "access_network": false,
                "fixed_ip_v4": "16.0.1.69",
                "fixed_ip_v6": "",
                "floating_ip": "",
                "mac": "fa:16:3e:4e:48:e9",
                "name": "test_private_network",
                "port": "",
                "uuid": "58055c0e-90a4-4a76-bb1c-8460f3a4296d"
              },
              {
                "access_network": false,
                "fixed_ip_v4": "185.180.105.27",
                "fixed_ip_v6": "",
                "floating_ip": "",
                "mac": "fa:16:3e:89:cd:0c",
                "name": "eu-west-01-public",
                "port": "",
                "uuid": "a77abc77-3311-4cf1-9a65-f043aae43c03"
              }
            ],
            "network_mode": null,
            "personality": [],
            "power_state": "active",
            "region": "RegionOne",
            "scheduler_hints": [],
            "security_groups": [
              "vpn-01-SG"
            ],
            "stop_before_destroy": false,
            "tags": null,
            "timeouts": null,
            "updated": "2024-03-11 13:59:13 +0000 UTC",
            "user_data": null,
            "vendor_options": [],
            "volume": []
          },
          "sensitive_attributes": [],
          "private": "eyJlMmJmYjczMC1lY2FhLTExZTYtOGY4OC0zNDM2M2JjN2M0YzAiOnsiY3JlYXRlIjoxODAwMDAwMDAwMDAwLCJkZWxldGUiOjE4MDAwMDAwMDAwMDAsInVwZGF0ZSI6MTgwMDAwMDAwMDAwMH19",
          "dependencies": [
            "module.private_network.openstack_networking_network_v2.network_1",
            "module.private_network.openstack_networking_subnet_v2.subnet_1",
            "module.ssh_key.openstack_compute_keypair_v2.umer_ssh_key",
            "module.vpn_sg.openstack_networking_secgroup_rule_v2.vpn_secgroup_rule_1",
            "module.vpn_sg.openstack_networking_secgroup_rule_v2.vpn_secgroup_rule_2",
            "module.vpn_sg.openstack_networking_secgroup_rule_v2.vpn_secgroup_rule_3",
            "module.vpn_sg.openstack_networking_secgroup_v2.vpn_secgroup"
          ]
        }
      ]
    },
    {
      "module": "module.vpn_sg",
      "mode": "managed",
      "type": "openstack_networking_secgroup_rule_v2",
      "name": "vpn_secgroup_rule_1",
      "provider": "provider[\"registry.terraform.io/terraform-provider-openstack/openstack\"]",
      "instances": [
        {
          "schema_version": 0,
          "attributes": {
            "description": "",
            "direction": "ingress",
            "ethertype": "IPv4",
            "id": "af9b2672-2c13-4569-b47f-ca85933f6cc2",
            "port_range_max": 0,
            "port_range_min": 0,
            "protocol": "icmp",
            "region": "RegionOne",
            "remote_group_id": "",
            "remote_ip_prefix": "0.0.0.0/0",
            "security_group_id": "0d244acb-c99f-43c3-a72b-2e37391bb955",
            "tenant_id": "0f94297c34cb4714bf42d95150784011",
            "timeouts": null
          },
          "sensitive_attributes": [],
          "private": "eyJlMmJmYjczMC1lY2FhLTExZTYtOGY4OC0zNDM2M2JjN2M0YzAiOnsiZGVsZXRlIjo2MDAwMDAwMDAwMDB9fQ==",
          "dependencies": [
            "module.vpn_sg.openstack_networking_secgroup_v2.vpn_secgroup"
          ]
        }
      ]
    },
    {
      "module": "module.vpn_sg",
      "mode": "managed",
      "type": "openstack_networking_secgroup_rule_v2",
      "name": "vpn_secgroup_rule_2",
      "provider": "provider[\"registry.terraform.io/terraform-provider-openstack/openstack\"]",
      "instances": [
        {
          "schema_version": 0,
          "attributes": {
            "description": "",
            "direction": "ingress",
            "ethertype": "IPv4",
            "id": "753e479f-ab1f-4865-989d-07e376bd6e26",
            "port_range_max": 22,
            "port_range_min": 22,
            "protocol": "tcp",
            "region": "RegionOne",
            "remote_group_id": "",
            "remote_ip_prefix": "0.0.0.0/0",
            "security_group_id": "0d244acb-c99f-43c3-a72b-2e37391bb955",
            "tenant_id": "0f94297c34cb4714bf42d95150784011",
            "timeouts": null
          },
          "sensitive_attributes": [],
          "private": "eyJlMmJmYjczMC1lY2FhLTExZTYtOGY4OC0zNDM2M2JjN2M0YzAiOnsiZGVsZXRlIjo2MDAwMDAwMDAwMDB9fQ==",
          "dependencies": [
            "module.vpn_sg.openstack_networking_secgroup_v2.vpn_secgroup"
          ]
        }
      ]
    },
    {
      "module": "module.vpn_sg",
      "mode": "managed",
      "type": "openstack_networking_secgroup_rule_v2",
      "name": "vpn_secgroup_rule_3",
      "provider": "provider[\"registry.terraform.io/terraform-provider-openstack/openstack\"]",
      "instances": [
        {
          "schema_version": 0,
          "attributes": {
            "description": "",
            "direction": "ingress",
            "ethertype": "IPv4",
            "id": "319a75a4-5455-404a-8604-bd68a6ba29b6",
            "port_range_max": 1194,
            "port_range_min": 1194,
            "protocol": "udp",
            "region": "RegionOne",
            "remote_group_id": "",
            "remote_ip_prefix": "0.0.0.0/0",
            "security_group_id": "0d244acb-c99f-43c3-a72b-2e37391bb955",
            "tenant_id": "0f94297c34cb4714bf42d95150784011",
            "timeouts": null
          },
          "sensitive_attributes": [],
          "private": "eyJlMmJmYjczMC1lY2FhLTExZTYtOGY4OC0zNDM2M2JjN2M0YzAiOnsiZGVsZXRlIjo2MDAwMDAwMDAwMDB9fQ==",
          "dependencies": [
            "module.vpn_sg.openstack_networking_secgroup_v2.vpn_secgroup"
          ]
        }
      ]
    },
    {
      "module": "module.vpn_sg",
      "mode": "managed",
      "type": "openstack_networking_secgroup_v2",
      "name": "vpn_secgroup",
      "provider": "provider[\"registry.terraform.io/terraform-provider-openstack/openstack\"]",
      "instances": [
        {
          "schema_version": 0,
          "attributes": {
            "all_tags": [],
            "delete_default_rules": null,
            "description": "vpn security group for instances",
            "id": "0d244acb-c99f-43c3-a72b-2e37391bb955",
            "name": "vpn-01-SG",
            "region": "RegionOne",
            "tags": null,
            "tenant_id": "0f94297c34cb4714bf42d95150784011",
            "timeouts": null
          },
          "sensitive_attributes": [],
          "private": "eyJlMmJmYjczMC1lY2FhLTExZTYtOGY4OC0zNDM2M2JjN2M0YzAiOnsiZGVsZXRlIjo2MDAwMDAwMDAwMDB9fQ=="
        }
      ]
    }
  ],
  "check_results": null
}
